// !$*UTF8*$!
{
	archiveVersion = 1;
	classes = {
	};
	objectVersion = 56;
	objects = {

/* Begin PBXBuildFile section */
		02851F15296B9E7400CFD8AB /* MovieList.json in Resources */ = {isa = PBXBuildFile; fileRef = 02851F14296B9E7400CFD8AB /* MovieList.json */; };
		02EEDD9E296A855C00F4B65A /* PopularMovies_from_TMDB.swift in Sources */ = {isa = PBXBuildFile; fileRef = 02EEDD9D296A855C00F4B65A /* PopularMovies_from_TMDB.swift */; };
		02EEDDA2296A855E00F4B65A /* Assets.xcassets in Resources */ = {isa = PBXBuildFile; fileRef = 02EEDDA1296A855E00F4B65A /* Assets.xcassets */; };
		02EEDDA5296A855E00F4B65A /* Preview Assets.xcassets in Resources */ = {isa = PBXBuildFile; fileRef = 02EEDDA4296A855E00F4B65A /* Preview Assets.xcassets */; };
		02EEDDAF296A855F00F4B65A /* PopularMovies_from_TMDBTests.swift in Sources */ = {isa = PBXBuildFile; fileRef = 02EEDDAE296A855F00F4B65A /* PopularMovies_from_TMDBTests.swift */; };
		02EEDDB9296A855F00F4B65A /* PopularMovies_from_TMDBUITests.swift in Sources */ = {isa = PBXBuildFile; fileRef = 02EEDDB8296A855F00F4B65A /* PopularMovies_from_TMDBUITests.swift */; };
		02EEDDBB296A855F00F4B65A /* PopularMovies_from_TMDBUITestsLaunchTests.swift in Sources */ = {isa = PBXBuildFile; fileRef = 02EEDDBA296A855F00F4B65A /* PopularMovies_from_TMDBUITestsLaunchTests.swift */; };
		02EEDDC9296A88EF00F4B65A /* Movie.swift in Sources */ = {isa = PBXBuildFile; fileRef = 02EEDDC8296A88EF00F4B65A /* Movie.swift */; };
		02EEDDCA296A88EF00F4B65A /* Movie.swift in Sources */ = {isa = PBXBuildFile; fileRef = 02EEDDC8296A88EF00F4B65A /* Movie.swift */; };
		02EEDDCB296A88EF00F4B65A /* Movie.swift in Sources */ = {isa = PBXBuildFile; fileRef = 02EEDDC8296A88EF00F4B65A /* Movie.swift */; };
		02EEDDD3296B300900F4B65A /* MovieListView.swift in Sources */ = {isa = PBXBuildFile; fileRef = 02EEDDD2296B300900F4B65A /* MovieListView.swift */; };
		02EEDDD4296B300900F4B65A /* MovieListView.swift in Sources */ = {isa = PBXBuildFile; fileRef = 02EEDDD2296B300900F4B65A /* MovieListView.swift */; };
		02EEDDD5296B300900F4B65A /* MovieListView.swift in Sources */ = {isa = PBXBuildFile; fileRef = 02EEDDD2296B300900F4B65A /* MovieListView.swift */; };
		02EEDDD8296B362000F4B65A /* MovieListState.swift in Sources */ = {isa = PBXBuildFile; fileRef = 02EEDDD7296B362000F4B65A /* MovieListState.swift */; };
		02EEDDD9296B362000F4B65A /* MovieListState.swift in Sources */ = {isa = PBXBuildFile; fileRef = 02EEDDD7296B362000F4B65A /* MovieListState.swift */; };
		02EEDDDA296B362000F4B65A /* MovieListState.swift in Sources */ = {isa = PBXBuildFile; fileRef = 02EEDDD7296B362000F4B65A /* MovieListState.swift */; };
		02EEDDDD296B371800F4B65A /* MovieStation.swift in Sources */ = {isa = PBXBuildFile; fileRef = 02EEDDDC296B371800F4B65A /* MovieStation.swift */; };
		02EEDDDE296B371800F4B65A /* MovieStation.swift in Sources */ = {isa = PBXBuildFile; fileRef = 02EEDDDC296B371800F4B65A /* MovieStation.swift */; };
		02EEDDDF296B371800F4B65A /* MovieStation.swift in Sources */ = {isa = PBXBuildFile; fileRef = 02EEDDDC296B371800F4B65A /* MovieStation.swift */; };
		02EEDDE1296B37BC00F4B65A /* MovieStore.swift in Sources */ = {isa = PBXBuildFile; fileRef = 02EEDDE0296B37BC00F4B65A /* MovieStore.swift */; };
		02EEDDE2296B37BC00F4B65A /* MovieStore.swift in Sources */ = {isa = PBXBuildFile; fileRef = 02EEDDE0296B37BC00F4B65A /* MovieStore.swift */; };
		02EEDDE3296B37BC00F4B65A /* MovieStore.swift in Sources */ = {isa = PBXBuildFile; fileRef = 02EEDDE0296B37BC00F4B65A /* MovieStore.swift */; };
		02EEDDE5296B597000F4B65A /* LoadDecode.swift in Sources */ = {isa = PBXBuildFile; fileRef = 02EEDDE4296B597000F4B65A /* LoadDecode.swift */; };
		02EEDDE6296B597000F4B65A /* LoadDecode.swift in Sources */ = {isa = PBXBuildFile; fileRef = 02EEDDE4296B597000F4B65A /* LoadDecode.swift */; };
		02EEDDE7296B597000F4B65A /* LoadDecode.swift in Sources */ = {isa = PBXBuildFile; fileRef = 02EEDDE4296B597000F4B65A /* LoadDecode.swift */; };
		02EEDDEE296B6AAA00F4B65A /* CheckAndUpdateUIView.swift in Sources */ = {isa = PBXBuildFile; fileRef = 02EEDDED296B6AAA00F4B65A /* CheckAndUpdateUIView.swift */; };
		02EEDDEF296B6AAA00F4B65A /* CheckAndUpdateUIView.swift in Sources */ = {isa = PBXBuildFile; fileRef = 02EEDDED296B6AAA00F4B65A /* CheckAndUpdateUIView.swift */; };
		02EEDDF0296B6AAA00F4B65A /* CheckAndUpdateUIView.swift in Sources */ = {isa = PBXBuildFile; fileRef = 02EEDDED296B6AAA00F4B65A /* CheckAndUpdateUIView.swift */; };
		02EEDDF3296B6B8400F4B65A /* UpdateUIView.swift in Sources */ = {isa = PBXBuildFile; fileRef = 02EEDDF2296B6B8400F4B65A /* UpdateUIView.swift */; };
		02EEDDF4296B6B8400F4B65A /* UpdateUIView.swift in Sources */ = {isa = PBXBuildFile; fileRef = 02EEDDF2296B6B8400F4B65A /* UpdateUIView.swift */; };
		02EEDDF5296B6B8400F4B65A /* UpdateUIView.swift in Sources */ = {isa = PBXBuildFile; fileRef = 02EEDDF2296B6B8400F4B65A /* UpdateUIView.swift */; };
		02EEDDF7296B6D8100F4B65A /* MovieScrollableView.swift in Sources */ = {isa = PBXBuildFile; fileRef = 02EEDDF6296B6D8100F4B65A /* MovieScrollableView.swift */; };
		02EEDDF8296B6D8100F4B65A /* MovieScrollableView.swift in Sources */ = {isa = PBXBuildFile; fileRef = 02EEDDF6296B6D8100F4B65A /* MovieScrollableView.swift */; };
		02EEDDF9296B6D8100F4B65A /* MovieScrollableView.swift in Sources */ = {isa = PBXBuildFile; fileRef = 02EEDDF6296B6D8100F4B65A /* MovieScrollableView.swift */; };
		02EEDDFB296B6E5C00F4B65A /* MovieDetailView.swift in Sources */ = {isa = PBXBuildFile; fileRef = 02EEDDFA296B6E5C00F4B65A /* MovieDetailView.swift */; };
		02EEDDFC296B6E5C00F4B65A /* MovieDetailView.swift in Sources */ = {isa = PBXBuildFile; fileRef = 02EEDDFA296B6E5C00F4B65A /* MovieDetailView.swift */; };
		02EEDDFD296B6E5C00F4B65A /* MovieDetailView.swift in Sources */ = {isa = PBXBuildFile; fileRef = 02EEDDFA296B6E5C00F4B65A /* MovieDetailView.swift */; };
		02EEDE03296B725100F4B65A /* JsonHelper.swift in Sources */ = {isa = PBXBuildFile; fileRef = 02EEDE02296B725100F4B65A /* JsonHelper.swift */; };
		02EEDE04296B725100F4B65A /* JsonHelper.swift in Sources */ = {isa = PBXBuildFile; fileRef = 02EEDE02296B725100F4B65A /* JsonHelper.swift */; };
		02EEDE05296B725100F4B65A /* JsonHelper.swift in Sources */ = {isa = PBXBuildFile; fileRef = 02EEDE02296B725100F4B65A /* JsonHelper.swift */; };
		02EEDE07296B729700F4B65A /* ImageLoader.swift in Sources */ = {isa = PBXBuildFile; fileRef = 02EEDE06296B729700F4B65A /* ImageLoader.swift */; };
		02EEDE08296B729700F4B65A /* ImageLoader.swift in Sources */ = {isa = PBXBuildFile; fileRef = 02EEDE06296B729700F4B65A /* ImageLoader.swift */; };
		02EEDE09296B729700F4B65A /* ImageLoader.swift in Sources */ = {isa = PBXBuildFile; fileRef = 02EEDE06296B729700F4B65A /* ImageLoader.swift */; };
		02EEDE0B296B72B500F4B65A /* MovieDetailState.swift in Sources */ = {isa = PBXBuildFile; fileRef = 02EEDE0A296B72B500F4B65A /* MovieDetailState.swift */; };
		02EEDE0C296B72B500F4B65A /* MovieDetailState.swift in Sources */ = {isa = PBXBuildFile; fileRef = 02EEDE0A296B72B500F4B65A /* MovieDetailState.swift */; };
		02EEDE0D296B72B500F4B65A /* MovieDetailState.swift in Sources */ = {isa = PBXBuildFile; fileRef = 02EEDE0A296B72B500F4B65A /* MovieDetailState.swift */; };
		02EEDE0F296B762700F4B65A /* MovieImagePoster.swift in Sources */ = {isa = PBXBuildFile; fileRef = 02EEDE0E296B762700F4B65A /* MovieImagePoster.swift */; };
		02EEDE10296B762700F4B65A /* MovieImagePoster.swift in Sources */ = {isa = PBXBuildFile; fileRef = 02EEDE0E296B762700F4B65A /* MovieImagePoster.swift */; };
		02EEDE11296B762700F4B65A /* MovieImagePoster.swift in Sources */ = {isa = PBXBuildFile; fileRef = 02EEDE0E296B762700F4B65A /* MovieImagePoster.swift */; };
		02EEDE13296B7E1600F4B65A /* MovieImageCard.swift in Sources */ = {isa = PBXBuildFile; fileRef = 02EEDE12296B7E1600F4B65A /* MovieImageCard.swift */; };
		02EEDE14296B7E1600F4B65A /* MovieImageCard.swift in Sources */ = {isa = PBXBuildFile; fileRef = 02EEDE12296B7E1600F4B65A /* MovieImageCard.swift */; };
		02EEDE15296B7E1600F4B65A /* MovieImageCard.swift in Sources */ = {isa = PBXBuildFile; fileRef = 02EEDE12296B7E1600F4B65A /* MovieImageCard.swift */; };
		02EEDE17296B7E4B00F4B65A /* MovieImageCardView.swift in Sources */ = {isa = PBXBuildFile; fileRef = 02EEDE16296B7E4B00F4B65A /* MovieImageCardView.swift */; };
		02EEDE18296B7E4B00F4B65A /* MovieImageCardView.swift in Sources */ = {isa = PBXBuildFile; fileRef = 02EEDE16296B7E4B00F4B65A /* MovieImageCardView.swift */; };
		02EEDE19296B7E4B00F4B65A /* MovieImageCardView.swift in Sources */ = {isa = PBXBuildFile; fileRef = 02EEDE16296B7E4B00F4B65A /* MovieImageCardView.swift */; };
/* End PBXBuildFile section */

/* Begin PBXContainerItemProxy section */
		02EEDDAB296A855F00F4B65A /* PBXContainerItemProxy */ = {
			isa = PBXContainerItemProxy;
			containerPortal = 02EEDD92296A855C00F4B65A /* Project object */;
			proxyType = 1;
			remoteGlobalIDString = 02EEDD99296A855C00F4B65A;
			remoteInfo = "PopularMovies-from-TMDB";
		};
		02EEDDB5296A855F00F4B65A /* PBXContainerItemProxy */ = {
			isa = PBXContainerItemProxy;
			containerPortal = 02EEDD92296A855C00F4B65A /* Project object */;
			proxyType = 1;
			remoteGlobalIDString = 02EEDD99296A855C00F4B65A;
			remoteInfo = "PopularMovies-from-TMDB";
		};
/* End PBXContainerItemProxy section */

/* Begin PBXFileReference section */
		02851F14296B9E7400CFD8AB /* MovieList.json */ = {isa = PBXFileReference; fileEncoding = 4; lastKnownFileType = text.json; path = MovieList.json; sourceTree = "<group>"; };
		02EEDD9A296A855C00F4B65A /* PopularMovies-from-TMDB.app */ = {isa = PBXFileReference; explicitFileType = wrapper.application; includeInIndex = 0; path = "PopularMovies-from-TMDB.app"; sourceTree = BUILT_PRODUCTS_DIR; };
		02EEDD9D296A855C00F4B65A /* PopularMovies_from_TMDB.swift */ = {isa = PBXFileReference; lastKnownFileType = sourcecode.swift; path = PopularMovies_from_TMDB.swift; sourceTree = "<group>"; };
		02EEDDA1296A855E00F4B65A /* Assets.xcassets */ = {isa = PBXFileReference; lastKnownFileType = folder.assetcatalog; path = Assets.xcassets; sourceTree = "<group>"; };
		02EEDDA4296A855E00F4B65A /* Preview Assets.xcassets */ = {isa = PBXFileReference; lastKnownFileType = folder.assetcatalog; path = "Preview Assets.xcassets"; sourceTree = "<group>"; };
		02EEDDAA296A855F00F4B65A /* PopularMovies-from-TMDBTests.xctest */ = {isa = PBXFileReference; explicitFileType = wrapper.cfbundle; includeInIndex = 0; path = "PopularMovies-from-TMDBTests.xctest"; sourceTree = BUILT_PRODUCTS_DIR; };
		02EEDDAE296A855F00F4B65A /* PopularMovies_from_TMDBTests.swift */ = {isa = PBXFileReference; lastKnownFileType = sourcecode.swift; path = PopularMovies_from_TMDBTests.swift; sourceTree = "<group>"; };
		02EEDDB4296A855F00F4B65A /* PopularMovies-from-TMDBUITests.xctest */ = {isa = PBXFileReference; explicitFileType = wrapper.cfbundle; includeInIndex = 0; path = "PopularMovies-from-TMDBUITests.xctest"; sourceTree = BUILT_PRODUCTS_DIR; };
		02EEDDB8296A855F00F4B65A /* PopularMovies_from_TMDBUITests.swift */ = {isa = PBXFileReference; lastKnownFileType = sourcecode.swift; path = PopularMovies_from_TMDBUITests.swift; sourceTree = "<group>"; };
		02EEDDBA296A855F00F4B65A /* PopularMovies_from_TMDBUITestsLaunchTests.swift */ = {isa = PBXFileReference; lastKnownFileType = sourcecode.swift; path = PopularMovies_from_TMDBUITestsLaunchTests.swift; sourceTree = "<group>"; };
		02EEDDC8296A88EF00F4B65A /* Movie.swift */ = {isa = PBXFileReference; lastKnownFileType = sourcecode.swift; path = Movie.swift; sourceTree = "<group>"; };
		02EEDDD2296B300900F4B65A /* MovieListView.swift */ = {isa = PBXFileReference; lastKnownFileType = sourcecode.swift; path = MovieListView.swift; sourceTree = "<group>"; };
		02EEDDD7296B362000F4B65A /* MovieListState.swift */ = {isa = PBXFileReference; lastKnownFileType = sourcecode.swift; path = MovieListState.swift; sourceTree = "<group>"; };
		02EEDDDC296B371800F4B65A /* MovieStation.swift */ = {isa = PBXFileReference; lastKnownFileType = sourcecode.swift; path = MovieStation.swift; sourceTree = "<group>"; };
		02EEDDE0296B37BC00F4B65A /* MovieStore.swift */ = {isa = PBXFileReference; lastKnownFileType = sourcecode.swift; path = MovieStore.swift; sourceTree = "<group>"; };
		02EEDDE4296B597000F4B65A /* LoadDecode.swift */ = {isa = PBXFileReference; lastKnownFileType = sourcecode.swift; path = LoadDecode.swift; sourceTree = "<group>"; };
		02EEDDED296B6AAA00F4B65A /* CheckAndUpdateUIView.swift */ = {isa = PBXFileReference; lastKnownFileType = sourcecode.swift; path = CheckAndUpdateUIView.swift; sourceTree = "<group>"; };
		02EEDDF2296B6B8400F4B65A /* UpdateUIView.swift */ = {isa = PBXFileReference; lastKnownFileType = sourcecode.swift; path = UpdateUIView.swift; sourceTree = "<group>"; };
		02EEDDF6296B6D8100F4B65A /* MovieScrollableView.swift */ = {isa = PBXFileReference; lastKnownFileType = sourcecode.swift; path = MovieScrollableView.swift; sourceTree = "<group>"; };
		02EEDDFA296B6E5C00F4B65A /* MovieDetailView.swift */ = {isa = PBXFileReference; lastKnownFileType = sourcecode.swift; path = MovieDetailView.swift; sourceTree = "<group>"; };
		02EEDE02296B725100F4B65A /* JsonHelper.swift */ = {isa = PBXFileReference; lastKnownFileType = sourcecode.swift; path = JsonHelper.swift; sourceTree = "<group>"; };
		02EEDE06296B729700F4B65A /* ImageLoader.swift */ = {isa = PBXFileReference; lastKnownFileType = sourcecode.swift; path = ImageLoader.swift; sourceTree = "<group>"; };
		02EEDE0A296B72B500F4B65A /* MovieDetailState.swift */ = {isa = PBXFileReference; lastKnownFileType = sourcecode.swift; path = MovieDetailState.swift; sourceTree = "<group>"; };
		02EEDE0E296B762700F4B65A /* MovieImagePoster.swift */ = {isa = PBXFileReference; lastKnownFileType = sourcecode.swift; path = MovieImagePoster.swift; sourceTree = "<group>"; };
		02EEDE12296B7E1600F4B65A /* MovieImageCard.swift */ = {isa = PBXFileReference; lastKnownFileType = sourcecode.swift; path = MovieImageCard.swift; sourceTree = "<group>"; };
		02EEDE16296B7E4B00F4B65A /* MovieImageCardView.swift */ = {isa = PBXFileReference; lastKnownFileType = sourcecode.swift; path = MovieImageCardView.swift; sourceTree = "<group>"; };
/* End PBXFileReference section */

/* Begin PBXFrameworksBuildPhase section */
		02EEDD97296A855C00F4B65A /* Frameworks */ = {
			isa = PBXFrameworksBuildPhase;
			buildActionMask = 2147483647;
			files = (
			);
			runOnlyForDeploymentPostprocessing = 0;
		};
		02EEDDA7296A855F00F4B65A /* Frameworks */ = {
			isa = PBXFrameworksBuildPhase;
			buildActionMask = 2147483647;
			files = (
			);
			runOnlyForDeploymentPostprocessing = 0;
		};
		02EEDDB1296A855F00F4B65A /* Frameworks */ = {
			isa = PBXFrameworksBuildPhase;
			buildActionMask = 2147483647;
			files = (
			);
			runOnlyForDeploymentPostprocessing = 0;
		};
/* End PBXFrameworksBuildPhase section */

/* Begin PBXGroup section */
		02851F11296B9DE600CFD8AB /* JsonResource */ = {
			isa = PBXGroup;
			children = (
				02851F14296B9E7400CFD8AB /* MovieList.json */,
			);
			path = JsonResource;
			sourceTree = "<group>";
		};
		02EEDD91296A855C00F4B65A = {
			isa = PBXGroup;
			children = (
				02EEDD9C296A855C00F4B65A /* PopularMovies-from-TMDB */,
				02EEDDAD296A855F00F4B65A /* PopularMovies-from-TMDBTests */,
				02EEDDB7296A855F00F4B65A /* PopularMovies-from-TMDBUITests */,
				02EEDD9B296A855C00F4B65A /* Products */,
			);
			sourceTree = "<group>";
		};
		02EEDD9B296A855C00F4B65A /* Products */ = {
			isa = PBXGroup;
			children = (
				02EEDD9A296A855C00F4B65A /* PopularMovies-from-TMDB.app */,
				02EEDDAA296A855F00F4B65A /* PopularMovies-from-TMDBTests.xctest */,
				02EEDDB4296A855F00F4B65A /* PopularMovies-from-TMDBUITests.xctest */,
			);
			name = Products;
			sourceTree = "<group>";
		};
		02EEDD9C296A855C00F4B65A /* PopularMovies-from-TMDB */ = {
			isa = PBXGroup;
			children = (
				02851F11296B9DE600CFD8AB /* JsonResource */,
				02EEDDDB296B370100F4B65A /* Station */,
				02EEDDD6296B35EA00F4B65A /* Utilities */,
				02EEDDD1296B2FEC00F4B65A /* Views */,
				02EEDDC7296A884C00F4B65A /* Model */,
				02EEDDA3296A855E00F4B65A /* Preview Content */,
				02EEDD9D296A855C00F4B65A /* PopularMovies_from_TMDB.swift */,
				02EEDDA1296A855E00F4B65A /* Assets.xcassets */,
			);
			path = "PopularMovies-from-TMDB";
			sourceTree = "<group>";
		};
		02EEDDA3296A855E00F4B65A /* Preview Content */ = {
			isa = PBXGroup;
			children = (
				02EEDDA4296A855E00F4B65A /* Preview Assets.xcassets */,
			);
			path = "Preview Content";
			sourceTree = "<group>";
		};
		02EEDDAD296A855F00F4B65A /* PopularMovies-from-TMDBTests */ = {
			isa = PBXGroup;
			children = (
				02EEDDAE296A855F00F4B65A /* PopularMovies_from_TMDBTests.swift */,
			);
			path = "PopularMovies-from-TMDBTests";
			sourceTree = "<group>";
		};
		02EEDDB7296A855F00F4B65A /* PopularMovies-from-TMDBUITests */ = {
			isa = PBXGroup;
			children = (
				02EEDDB8296A855F00F4B65A /* PopularMovies_from_TMDBUITests.swift */,
				02EEDDBA296A855F00F4B65A /* PopularMovies_from_TMDBUITestsLaunchTests.swift */,
			);
			path = "PopularMovies-from-TMDBUITests";
			sourceTree = "<group>";
		};
		02EEDDC7296A884C00F4B65A /* Model */ = {
			isa = PBXGroup;
			children = (
				02EEDDC8296A88EF00F4B65A /* Movie.swift */,
				02EEDDE4296B597000F4B65A /* LoadDecode.swift */,
			);
			path = Model;
			sourceTree = "<group>";
		};
		02EEDDD1296B2FEC00F4B65A /* Views */ = {
			isa = PBXGroup;
			children = (
				02EEDDF1296B6B3600F4B65A /* UIKitView */,
				02EEDDD2296B300900F4B65A /* MovieListView.swift */,
				02EEDE12296B7E1600F4B65A /* MovieImageCard.swift */,
				02EEDE16296B7E4B00F4B65A /* MovieImageCardView.swift */,
				02EEDE0E296B762700F4B65A /* MovieImagePoster.swift */,
				02EEDDF6296B6D8100F4B65A /* MovieScrollableView.swift */,
				02EEDDED296B6AAA00F4B65A /* CheckAndUpdateUIView.swift */,
				02EEDDFA296B6E5C00F4B65A /* MovieDetailView.swift */,
			);
			path = Views;
			sourceTree = "<group>";
		};
		02EEDDD6296B35EA00F4B65A /* Utilities */ = {
			isa = PBXGroup;
			children = (
				02EEDE02296B725100F4B65A /* JsonHelper.swift */,
				02EEDE06296B729700F4B65A /* ImageLoader.swift */,
				02EEDDD7296B362000F4B65A /* MovieListState.swift */,
				02EEDE0A296B72B500F4B65A /* MovieDetailState.swift */,
			);
			path = Utilities;
			sourceTree = "<group>";
		};
		02EEDDDB296B370100F4B65A /* Station */ = {
			isa = PBXGroup;
			children = (
				02EEDDDC296B371800F4B65A /* MovieStation.swift */,
				02EEDDE0296B37BC00F4B65A /* MovieStore.swift */,
			);
			path = Station;
			sourceTree = "<group>";
		};
		02EEDDF1296B6B3600F4B65A /* UIKitView */ = {
			isa = PBXGroup;
			children = (
				02EEDDF2296B6B8400F4B65A /* UpdateUIView.swift */,
			);
			path = UIKitView;
			sourceTree = "<group>";
		};
/* End PBXGroup section */

/* Begin PBXNativeTarget section */
		02EEDD99296A855C00F4B65A /* PopularMovies-from-TMDB */ = {
			isa = PBXNativeTarget;
			buildConfigurationList = 02EEDDBE296A855F00F4B65A /* Build configuration list for PBXNativeTarget "PopularMovies-from-TMDB" */;
			buildPhases = (
				02EEDD96296A855C00F4B65A /* Sources */,
				02EEDD97296A855C00F4B65A /* Frameworks */,
				02EEDD98296A855C00F4B65A /* Resources */,
			);
			buildRules = (
			);
			dependencies = (
			);
			name = "PopularMovies-from-TMDB";
			productName = "PopularMovies-from-TMDB";
			productReference = 02EEDD9A296A855C00F4B65A /* PopularMovies-from-TMDB.app */;
			productType = "com.apple.product-type.application";
		};
		02EEDDA9296A855F00F4B65A /* PopularMovies-from-TMDBTests */ = {
			isa = PBXNativeTarget;
			buildConfigurationList = 02EEDDC1296A855F00F4B65A /* Build configuration list for PBXNativeTarget "PopularMovies-from-TMDBTests" */;
			buildPhases = (
				02EEDDA6296A855F00F4B65A /* Sources */,
				02EEDDA7296A855F00F4B65A /* Frameworks */,
				02EEDDA8296A855F00F4B65A /* Resources */,
			);
			buildRules = (
			);
			dependencies = (
				02EEDDAC296A855F00F4B65A /* PBXTargetDependency */,
			);
			name = "PopularMovies-from-TMDBTests";
			productName = "PopularMovies-from-TMDBTests";
			productReference = 02EEDDAA296A855F00F4B65A /* PopularMovies-from-TMDBTests.xctest */;
			productType = "com.apple.product-type.bundle.unit-test";
		};
		02EEDDB3296A855F00F4B65A /* PopularMovies-from-TMDBUITests */ = {
			isa = PBXNativeTarget;
			buildConfigurationList = 02EEDDC4296A855F00F4B65A /* Build configuration list for PBXNativeTarget "PopularMovies-from-TMDBUITests" */;
			buildPhases = (
				02EEDDB0296A855F00F4B65A /* Sources */,
				02EEDDB1296A855F00F4B65A /* Frameworks */,
				02EEDDB2296A855F00F4B65A /* Resources */,
			);
			buildRules = (
			);
			dependencies = (
				02EEDDB6296A855F00F4B65A /* PBXTargetDependency */,
			);
			name = "PopularMovies-from-TMDBUITests";
			productName = "PopularMovies-from-TMDBUITests";
			productReference = 02EEDDB4296A855F00F4B65A /* PopularMovies-from-TMDBUITests.xctest */;
			productType = "com.apple.product-type.bundle.ui-testing";
		};
/* End PBXNativeTarget section */

/* Begin PBXProject section */
		02EEDD92296A855C00F4B65A /* Project object */ = {
			isa = PBXProject;
			attributes = {
				BuildIndependentTargetsInParallel = 1;
				LastSwiftUpdateCheck = 1420;
				LastUpgradeCheck = 1420;
				TargetAttributes = {
					02EEDD99296A855C00F4B65A = {
						CreatedOnToolsVersion = 14.2;
					};
					02EEDDA9296A855F00F4B65A = {
						CreatedOnToolsVersion = 14.2;
						TestTargetID = 02EEDD99296A855C00F4B65A;
					};
					02EEDDB3296A855F00F4B65A = {
						CreatedOnToolsVersion = 14.2;
						TestTargetID = 02EEDD99296A855C00F4B65A;
					};
				};
			};
			buildConfigurationList = 02EEDD95296A855C00F4B65A /* Build configuration list for PBXProject "PopularMovies-from-TMDB" */;
			compatibilityVersion = "Xcode 14.0";
			developmentRegion = en;
			hasScannedForEncodings = 0;
			knownRegions = (
				en,
				Base,
			);
			mainGroup = 02EEDD91296A855C00F4B65A;
			productRefGroup = 02EEDD9B296A855C00F4B65A /* Products */;
			projectDirPath = "";
			projectRoot = "";
			targets = (
				02EEDD99296A855C00F4B65A /* PopularMovies-from-TMDB */,
				02EEDDA9296A855F00F4B65A /* PopularMovies-from-TMDBTests */,
				02EEDDB3296A855F00F4B65A /* PopularMovies-from-TMDBUITests */,
			);
		};
/* End PBXProject section */

/* Begin PBXResourcesBuildPhase section */
		02EEDD98296A855C00F4B65A /* Resources */ = {
			isa = PBXResourcesBuildPhase;
			buildActionMask = 2147483647;
			files = (
				02851F15296B9E7400CFD8AB /* MovieList.json in Resources */,
				02EEDDA5296A855E00F4B65A /* Preview Assets.xcassets in Resources */,
				02EEDDA2296A855E00F4B65A /* Assets.xcassets in Resources */,
			);
			runOnlyForDeploymentPostprocessing = 0;
		};
		02EEDDA8296A855F00F4B65A /* Resources */ = {
			isa = PBXResourcesBuildPhase;
			buildActionMask = 2147483647;
			files = (
			);
			runOnlyForDeploymentPostprocessing = 0;
		};
		02EEDDB2296A855F00F4B65A /* Resources */ = {
			isa = PBXResourcesBuildPhase;
			buildActionMask = 2147483647;
			files = (
			);
			runOnlyForDeploymentPostprocessing = 0;
		};
/* End PBXResourcesBuildPhase section */

/* Begin PBXSourcesBuildPhase section */
		02EEDD96296A855C00F4B65A /* Sources */ = {
			isa = PBXSourcesBuildPhase;
			buildActionMask = 2147483647;
			files = (
				02EEDE0B296B72B500F4B65A /* MovieDetailState.swift in Sources */,
				02EEDDE1296B37BC00F4B65A /* MovieStore.swift in Sources */,
				02EEDE17296B7E4B00F4B65A /* MovieImageCardView.swift in Sources */,
				02EEDDF7296B6D8100F4B65A /* MovieScrollableView.swift in Sources */,
				02EEDE0F296B762700F4B65A /* MovieImagePoster.swift in Sources */,
				02EEDD9E296A855C00F4B65A /* PopularMovies_from_TMDB.swift in Sources */,
				02EEDDEE296B6AAA00F4B65A /* CheckAndUpdateUIView.swift in Sources */,
				02EEDDE5296B597000F4B65A /* LoadDecode.swift in Sources */,
				02EEDE07296B729700F4B65A /* ImageLoader.swift in Sources */,
				02EEDE13296B7E1600F4B65A /* MovieImageCard.swift in Sources */,
				02EEDDFB296B6E5C00F4B65A /* MovieDetailView.swift in Sources */,
				02EEDDF3296B6B8400F4B65A /* UpdateUIView.swift in Sources */,
				02EEDE03296B725100F4B65A /* JsonHelper.swift in Sources */,
				02EEDDD8296B362000F4B65A /* MovieListState.swift in Sources */,
				02EEDDDD296B371800F4B65A /* MovieStation.swift in Sources */,
				02EEDDD3296B300900F4B65A /* MovieListView.swift in Sources */,
				02EEDDC9296A88EF00F4B65A /* Movie.swift in Sources */,
			);
			runOnlyForDeploymentPostprocessing = 0;
		};
		02EEDDA6296A855F00F4B65A /* Sources */ = {
			isa = PBXSourcesBuildPhase;
			buildActionMask = 2147483647;
			files = (
				02EEDDF8296B6D8100F4B65A /* MovieScrollableView.swift in Sources */,
				02EEDE08296B729700F4B65A /* ImageLoader.swift in Sources */,
				02EEDE14296B7E1600F4B65A /* MovieImageCard.swift in Sources */,
				02EEDE04296B725100F4B65A /* JsonHelper.swift in Sources */,
				02EEDE0C296B72B500F4B65A /* MovieDetailState.swift in Sources */,
				02EEDDD4296B300900F4B65A /* MovieListView.swift in Sources */,
				02EEDDEF296B6AAA00F4B65A /* CheckAndUpdateUIView.swift in Sources */,
				02EEDDD9296B362000F4B65A /* MovieListState.swift in Sources */,
				02EEDDDE296B371800F4B65A /* MovieStation.swift in Sources */,
				02EEDDFC296B6E5C00F4B65A /* MovieDetailView.swift in Sources */,
				02EEDDCA296A88EF00F4B65A /* Movie.swift in Sources */,
				02EEDE18296B7E4B00F4B65A /* MovieImageCardView.swift in Sources */,
				02EEDDAF296A855F00F4B65A /* PopularMovies_from_TMDBTests.swift in Sources */,
				02EEDE10296B762700F4B65A /* MovieImagePoster.swift in Sources */,
				02EEDDF4296B6B8400F4B65A /* UpdateUIView.swift in Sources */,
				02EEDDE2296B37BC00F4B65A /* MovieStore.swift in Sources */,
				02EEDDE6296B597000F4B65A /* LoadDecode.swift in Sources */,
			);
			runOnlyForDeploymentPostprocessing = 0;
		};
		02EEDDB0296A855F00F4B65A /* Sources */ = {
			isa = PBXSourcesBuildPhase;
			buildActionMask = 2147483647;
			files = (
				02EEDE0D296B72B500F4B65A /* MovieDetailState.swift in Sources */,
				02EEDDE3296B37BC00F4B65A /* MovieStore.swift in Sources */,
				02EEDE19296B7E4B00F4B65A /* MovieImageCardView.swift in Sources */,
				02EEDDF9296B6D8100F4B65A /* MovieScrollableView.swift in Sources */,
				02EEDE11296B762700F4B65A /* MovieImagePoster.swift in Sources */,
				02EEDDBB296A855F00F4B65A /* PopularMovies_from_TMDBUITestsLaunchTests.swift in Sources */,
				02EEDDB9296A855F00F4B65A /* PopularMovies_from_TMDBUITests.swift in Sources */,
				02EEDDF0296B6AAA00F4B65A /* CheckAndUpdateUIView.swift in Sources */,
				02EEDDE7296B597000F4B65A /* LoadDecode.swift in Sources */,
				02EEDE09296B729700F4B65A /* ImageLoader.swift in Sources */,
				02EEDE15296B7E1600F4B65A /* MovieImageCard.swift in Sources */,
				02EEDDFD296B6E5C00F4B65A /* MovieDetailView.swift in Sources */,
				02EEDDF5296B6B8400F4B65A /* UpdateUIView.swift in Sources */,
				02EEDE05296B725100F4B65A /* JsonHelper.swift in Sources */,
				02EEDDDA296B362000F4B65A /* MovieListState.swift in Sources */,
				02EEDDDF296B371800F4B65A /* MovieStation.swift in Sources */,
				02EEDDD5296B300900F4B65A /* MovieListView.swift in Sources */,
				02EEDDCB296A88EF00F4B65A /* Movie.swift in Sources */,
			);
			runOnlyForDeploymentPostprocessing = 0;
		};
/* End PBXSourcesBuildPhase section */

/* Begin PBXTargetDependency section */
		02EEDDAC296A855F00F4B65A /* PBXTargetDependency */ = {
			isa = PBXTargetDependency;
			target = 02EEDD99296A855C00F4B65A /* PopularMovies-from-TMDB */;
			targetProxy = 02EEDDAB296A855F00F4B65A /* PBXContainerItemProxy */;
		};
		02EEDDB6296A855F00F4B65A /* PBXTargetDependency */ = {
			isa = PBXTargetDependency;
			target = 02EEDD99296A855C00F4B65A /* PopularMovies-from-TMDB */;
			targetProxy = 02EEDDB5296A855F00F4B65A /* PBXContainerItemProxy */;
		};
/* End PBXTargetDependency section */

/* Begin XCBuildConfiguration section */
		02EEDDBC296A855F00F4B65A /* Debug */ = {
			isa = XCBuildConfiguration;
			buildSettings = {
				ALWAYS_SEARCH_USER_PATHS = NO;
				CLANG_ANALYZER_NONNULL = YES;
				CLANG_ANALYZER_NUMBER_OBJECT_CONVERSION = YES_AGGRESSIVE;
				CLANG_CXX_LANGUAGE_STANDARD = "gnu++20";
				CLANG_ENABLE_MODULES = YES;
				CLANG_ENABLE_OBJC_ARC = YES;
				CLANG_ENABLE_OBJC_WEAK = YES;
				CLANG_WARN_BLOCK_CAPTURE_AUTORELEASING = YES;
				CLANG_WARN_BOOL_CONVERSION = YES;
				CLANG_WARN_COMMA = YES;
				CLANG_WARN_CONSTANT_CONVERSION = YES;
				CLANG_WARN_DEPRECATED_OBJC_IMPLEMENTATIONS = YES;
				CLANG_WARN_DIRECT_OBJC_ISA_USAGE = YES_ERROR;
				CLANG_WARN_DOCUMENTATION_COMMENTS = YES;
				CLANG_WARN_EMPTY_BODY = YES;
				CLANG_WARN_ENUM_CONVERSION = YES;
				CLANG_WARN_INFINITE_RECURSION = YES;
				CLANG_WARN_INT_CONVERSION = YES;
				CLANG_WARN_NON_LITERAL_NULL_CONVERSION = YES;
				CLANG_WARN_OBJC_IMPLICIT_RETAIN_SELF = YES;
				CLANG_WARN_OBJC_LITERAL_CONVERSION = YES;
				CLANG_WARN_OBJC_ROOT_CLASS = YES_ERROR;
				CLANG_WARN_QUOTED_INCLUDE_IN_FRAMEWORK_HEADER = YES;
				CLANG_WARN_RANGE_LOOP_ANALYSIS = YES;
				CLANG_WARN_STRICT_PROTOTYPES = YES;
				CLANG_WARN_SUSPICIOUS_MOVE = YES;
				CLANG_WARN_UNGUARDED_AVAILABILITY = YES_AGGRESSIVE;
				CLANG_WARN_UNREACHABLE_CODE = YES;
				CLANG_WARN__DUPLICATE_METHOD_MATCH = YES;
				COPY_PHASE_STRIP = NO;
				DEBUG_INFORMATION_FORMAT = dwarf;
				ENABLE_STRICT_OBJC_MSGSEND = YES;
				ENABLE_TESTABILITY = YES;
				GCC_C_LANGUAGE_STANDARD = gnu11;
				GCC_DYNAMIC_NO_PIC = NO;
				GCC_NO_COMMON_BLOCKS = YES;
				GCC_OPTIMIZATION_LEVEL = 0;
				GCC_PREPROCESSOR_DEFINITIONS = (
					"DEBUG=1",
					"$(inherited)",
				);
				GCC_WARN_64_TO_32_BIT_CONVERSION = YES;
				GCC_WARN_ABOUT_RETURN_TYPE = YES_ERROR;
				GCC_WARN_UNDECLARED_SELECTOR = YES;
				GCC_WARN_UNINITIALIZED_AUTOS = YES_AGGRESSIVE;
				GCC_WARN_UNUSED_FUNCTION = YES;
				GCC_WARN_UNUSED_VARIABLE = YES;
				IPHONEOS_DEPLOYMENT_TARGET = 16.2;
				MTL_ENABLE_DEBUG_INFO = INCLUDE_SOURCE;
				MTL_FAST_MATH = YES;
				ONLY_ACTIVE_ARCH = YES;
				SDKROOT = iphoneos;
				SWIFT_ACTIVE_COMPILATION_CONDITIONS = DEBUG;
				SWIFT_OPTIMIZATION_LEVEL = "-Onone";
			};
			name = Debug;
		};
		02EEDDBD296A855F00F4B65A /* Release */ = {
			isa = XCBuildConfiguration;
			buildSettings = {
				ALWAYS_SEARCH_USER_PATHS = NO;
				CLANG_ANALYZER_NONNULL = YES;
				CLANG_ANALYZER_NUMBER_OBJECT_CONVERSION = YES_AGGRESSIVE;
				CLANG_CXX_LANGUAGE_STANDARD = "gnu++20";
				CLANG_ENABLE_MODULES = YES;
				CLANG_ENABLE_OBJC_ARC = YES;
				CLANG_ENABLE_OBJC_WEAK = YES;
				CLANG_WARN_BLOCK_CAPTURE_AUTORELEASING = YES;
				CLANG_WARN_BOOL_CONVERSION = YES;
				CLANG_WARN_COMMA = YES;
				CLANG_WARN_CONSTANT_CONVERSION = YES;
				CLANG_WARN_DEPRECATED_OBJC_IMPLEMENTATIONS = YES;
				CLANG_WARN_DIRECT_OBJC_ISA_USAGE = YES_ERROR;
				CLANG_WARN_DOCUMENTATION_COMMENTS = YES;
				CLANG_WARN_EMPTY_BODY = YES;
				CLANG_WARN_ENUM_CONVERSION = YES;
				CLANG_WARN_INFINITE_RECURSION = YES;
				CLANG_WARN_INT_CONVERSION = YES;
				CLANG_WARN_NON_LITERAL_NULL_CONVERSION = YES;
				CLANG_WARN_OBJC_IMPLICIT_RETAIN_SELF = YES;
				CLANG_WARN_OBJC_LITERAL_CONVERSION = YES;
				CLANG_WARN_OBJC_ROOT_CLASS = YES_ERROR;
				CLANG_WARN_QUOTED_INCLUDE_IN_FRAMEWORK_HEADER = YES;
				CLANG_WARN_RANGE_LOOP_ANALYSIS = YES;
				CLANG_WARN_STRICT_PROTOTYPES = YES;
				CLANG_WARN_SUSPICIOUS_MOVE = YES;
				CLANG_WARN_UNGUARDED_AVAILABILITY = YES_AGGRESSIVE;
				CLANG_WARN_UNREACHABLE_CODE = YES;
				CLANG_WARN__DUPLICATE_METHOD_MATCH = YES;
				COPY_PHASE_STRIP = NO;
				DEBUG_INFORMATION_FORMAT = "dwarf-with-dsym";
				ENABLE_NS_ASSERTIONS = NO;
				ENABLE_STRICT_OBJC_MSGSEND = YES;
				GCC_C_LANGUAGE_STANDARD = gnu11;
				GCC_NO_COMMON_BLOCKS = YES;
				GCC_WARN_64_TO_32_BIT_CONVERSION = YES;
				GCC_WARN_ABOUT_RETURN_TYPE = YES_ERROR;
				GCC_WARN_UNDECLARED_SELECTOR = YES;
				GCC_WARN_UNINITIALIZED_AUTOS = YES_AGGRESSIVE;
				GCC_WARN_UNUSED_FUNCTION = YES;
				GCC_WARN_UNUSED_VARIABLE = YES;
				IPHONEOS_DEPLOYMENT_TARGET = 16.2;
				MTL_ENABLE_DEBUG_INFO = NO;
				MTL_FAST_MATH = YES;
				SDKROOT = iphoneos;
				SWIFT_COMPILATION_MODE = wholemodule;
				SWIFT_OPTIMIZATION_LEVEL = "-O";
				VALIDATE_PRODUCT = YES;
			};
			name = Release;
		};
		02EEDDBF296A855F00F4B65A /* Debug */ = {
			isa = XCBuildConfiguration;
			buildSettings = {
				ASSETCATALOG_COMPILER_APPICON_NAME = AppIcon;
				ASSETCATALOG_COMPILER_GLOBAL_ACCENT_COLOR_NAME = AccentColor;
				CODE_SIGN_STYLE = Automatic;
				CURRENT_PROJECT_VERSION = 1;
				DEVELOPMENT_ASSET_PATHS = "\"PopularMovies-from-TMDB/Preview Content\"";
				DEVELOPMENT_TEAM = YB67V66299;
				ENABLE_PREVIEWS = YES;
				GENERATE_INFOPLIST_FILE = YES;
				INFOPLIST_KEY_UIApplicationSceneManifest_Generation = YES;
				INFOPLIST_KEY_UIApplicationSupportsIndirectInputEvents = YES;
				INFOPLIST_KEY_UILaunchScreen_Generation = YES;
				INFOPLIST_KEY_UISupportedInterfaceOrientations_iPad = "UIInterfaceOrientationPortrait UIInterfaceOrientationPortraitUpsideDown UIInterfaceOrientationLandscapeLeft UIInterfaceOrientationLandscapeRight";
				INFOPLIST_KEY_UISupportedInterfaceOrientations_iPhone = "UIInterfaceOrientationPortrait UIInterfaceOrientationLandscapeLeft UIInterfaceOrientationLandscapeRight";
				LD_RUNPATH_SEARCH_PATHS = (
					"$(inherited)",
					"@executable_path/Frameworks",
				);
				MARKETING_VERSION = 1.0;
				PRODUCT_BUNDLE_IDENTIFIER = "com.raywenderlich.PopularMovies-from-TMDB";
				PRODUCT_NAME = "$(TARGET_NAME)";
				SWIFT_EMIT_LOC_STRINGS = YES;
				SWIFT_VERSION = 5.0;
				TARGETED_DEVICE_FAMILY = "1,2";
			};
			name = Debug;
		};
		02EEDDC0296A855F00F4B65A /* Release */ = {
			isa = XCBuildConfiguration;
			buildSettings = {
				ASSETCATALOG_COMPILER_APPICON_NAME = AppIcon;
				ASSETCATALOG_COMPILER_GLOBAL_ACCENT_COLOR_NAME = AccentColor;
				CODE_SIGN_STYLE = Automatic;
				CURRENT_PROJECT_VERSION = 1;
				DEVELOPMENT_ASSET_PATHS = "\"PopularMovies-from-TMDB/Preview Content\"";
				DEVELOPMENT_TEAM = YB67V66299;
				ENABLE_PREVIEWS = YES;
				GENERATE_INFOPLIST_FILE = YES;
				INFOPLIST_KEY_UIApplicationSceneManifest_Generation = YES;
				INFOPLIST_KEY_UIApplicationSupportsIndirectInputEvents = YES;
				INFOPLIST_KEY_UILaunchScreen_Generation = YES;
				INFOPLIST_KEY_UISupportedInterfaceOrientations_iPad = "UIInterfaceOrientationPortrait UIInterfaceOrientationPortraitUpsideDown UIInterfaceOrientationLandscapeLeft UIInterfaceOrientationLandscapeRight";
				INFOPLIST_KEY_UISupportedInterfaceOrientations_iPhone = "UIInterfaceOrientationPortrait UIInterfaceOrientationLandscapeLeft UIInterfaceOrientationLandscapeRight";
				LD_RUNPATH_SEARCH_PATHS = (
					"$(inherited)",
					"@executable_path/Frameworks",
				);
				MARKETING_VERSION = 1.0;
				PRODUCT_BUNDLE_IDENTIFIER = "com.raywenderlich.PopularMovies-from-TMDB";
				PRODUCT_NAME = "$(TARGET_NAME)";
				SWIFT_EMIT_LOC_STRINGS = YES;
				SWIFT_VERSION = 5.0;
				TARGETED_DEVICE_FAMILY = "1,2";
			};
			name = Release;
		};
		02EEDDC2296A855F00F4B65A /* Debug */ = {
			isa = XCBuildConfiguration;
			buildSettings = {
				ALWAYS_EMBED_SWIFT_STANDARD_LIBRARIES = YES;
				BUNDLE_LOADER = "$(TEST_HOST)";
				CODE_SIGN_STYLE = Automatic;
				CURRENT_PROJECT_VERSION = 1;
				DEVELOPMENT_TEAM = YB67V66299;
				GENERATE_INFOPLIST_FILE = YES;
				IPHONEOS_DEPLOYMENT_TARGET = 16.2;
				MARKETING_VERSION = 1.0;
				PRODUCT_BUNDLE_IDENTIFIER = "com.raywenderlich.PopularMovies-from-TMDBTests";
				PRODUCT_NAME = "$(TARGET_NAME)";
				SWIFT_EMIT_LOC_STRINGS = NO;
				SWIFT_VERSION = 5.0;
				TARGETED_DEVICE_FAMILY = "1,2";
				TEST_HOST = "$(BUILT_PRODUCTS_DIR)/PopularMovies-from-TMDB.app/$(BUNDLE_EXECUTABLE_FOLDER_PATH)/PopularMovies-from-TMDB";
			};
			name = Debug;
		};
		02EEDDC3296A855F00F4B65A /* Release */ = {
			isa = XCBuildConfiguration;
			buildSettings = {
				ALWAYS_EMBED_SWIFT_STANDARD_LIBRARIES = YES;
				BUNDLE_LOADER = "$(TEST_HOST)";
				CODE_SIGN_STYLE = Automatic;
				CURRENT_PROJECT_VERSION = 1;
				DEVELOPMENT_TEAM = YB67V66299;
				GENERATE_INFOPLIST_FILE = YES;
				IPHONEOS_DEPLOYMENT_TARGET = 16.2;
				MARKETING_VERSION = 1.0;
				PRODUCT_BUNDLE_IDENTIFIER = "com.raywenderlich.PopularMovies-from-TMDBTests";
				PRODUCT_NAME = "$(TARGET_NAME)";
				SWIFT_EMIT_LOC_STRINGS = NO;
				SWIFT_VERSION = 5.0;
				TARGETED_DEVICE_FAMILY = "1,2";
				TEST_HOST = "$(BUILT_PRODUCTS_DIR)/PopularMovies-from-TMDB.app/$(BUNDLE_EXECUTABLE_FOLDER_PATH)/PopularMovies-from-TMDB";
			};
			name = Release;
		};
		02EEDDC5296A855F00F4B65A /* Debug */ = {
			isa = XCBuildConfiguration;
			buildSettings = {
				ALWAYS_EMBED_SWIFT_STANDARD_LIBRARIES = YES;
				CODE_SIGN_STYLE = Automatic;
				CURRENT_PROJECT_VERSION = 1;
				DEVELOPMENT_TEAM = YB67V66299;
				GENERATE_INFOPLIST_FILE = YES;
				MARKETING_VERSION = 1.0;
				PRODUCT_BUNDLE_IDENTIFIER = "com.raywenderlich.PopularMovies-from-TMDBUITests";
				PRODUCT_NAME = "$(TARGET_NAME)";
				SWIFT_EMIT_LOC_STRINGS = NO;
				SWIFT_VERSION = 5.0;
				TARGETED_DEVICE_FAMILY = "1,2";
				TEST_TARGET_NAME = "PopularMovies-from-TMDB";
			};
			name = Debug;
		};
		02EEDDC6296A855F00F4B65A /* Release */ = {
			isa = XCBuildConfiguration;
			buildSettings = {
				ALWAYS_EMBED_SWIFT_STANDARD_LIBRARIES = YES;
				CODE_SIGN_STYLE = Automatic;
				CURRENT_PROJECT_VERSION = 1;
				DEVELOPMENT_TEAM = YB67V66299;
				GENERATE_INFOPLIST_FILE = YES;
				MARKETING_VERSION = 1.0;
				PRODUCT_BUNDLE_IDENTIFIER = "com.raywenderlich.PopularMovies-from-TMDBUITests";
				PRODUCT_NAME = "$(TARGET_NAME)";
				SWIFT_EMIT_LOC_STRINGS = NO;
				SWIFT_VERSION = 5.0;
				TARGETED_DEVICE_FAMILY = "1,2";
				TEST_TARGET_NAME = "PopularMovies-from-TMDB";
			};
			name = Release;
		};
/* End XCBuildConfiguration section */

/* Begin XCConfigurationList section */
		02EEDD95296A855C00F4B65A /* Build configuration list for PBXProject "PopularMovies-from-TMDB" */ = {
			isa = XCConfigurationList;
			buildConfigurations = (
				02EEDDBC296A855F00F4B65A /* Debug */,
				02EEDDBD296A855F00F4B65A /* Release */,
			);
			defaultConfigurationIsVisible = 0;
			defaultConfigurationName = Release;
		};
		02EEDDBE296A855F00F4B65A /* Build configuration list for PBXNativeTarget "PopularMovies-from-TMDB" */ = {
			isa = XCConfigurationList;
			buildConfigurations = (
				02EEDDBF296A855F00F4B65A /* Debug */,
				02EEDDC0296A855F00F4B65A /* Release */,
			);
			defaultConfigurationIsVisible = 0;
			defaultConfigurationName = Release;
		};
		02EEDDC1296A855F00F4B65A /* Build configuration list for PBXNativeTarget "PopularMovies-from-TMDBTests" */ = {
			isa = XCConfigurationList;
			buildConfigurations = (
				02EEDDC2296A855F00F4B65A /* Debug */,
				02EEDDC3296A855F00F4B65A /* Release */,
			);
			defaultConfigurationIsVisible = 0;
			defaultConfigurationName = Release;
		};
		02EEDDC4296A855F00F4B65A /* Build configuration list for PBXNativeTarget "PopularMovies-from-TMDBUITests" */ = {
			isa = XCConfigurationList;
			buildConfigurations = (
				02EEDDC5296A855F00F4B65A /* Debug */,
				02EEDDC6296A855F00F4B65A /* Release */,
			);
			defaultConfigurationIsVisible = 0;
			defaultConfigurationName = Release;
		};
/* End XCConfigurationList section */
	};
	rootObject = 02EEDD92296A855C00F4B65A /* Project object */;
}
