// !$*UTF8*$!
{
	archiveVersion = 1;
	classes = {
	};
	objectVersion = 56;
	objects = {

/* Begin PBXBuildFile section */
		02EEDD9E296A855C00F4B65A /* PopularMovies_from_TMDBApp.swift in Sources */ = {isa = PBXBuildFile; fileRef = 02EEDD9D296A855C00F4B65A /* PopularMovies_from_TMDBApp.swift */; };
		02EEDDA0296A855C00F4B65A /* ContentView.swift in Sources */ = {isa = PBXBuildFile; fileRef = 02EEDD9F296A855C00F4B65A /* ContentView.swift */; };
		02EEDDA2296A855E00F4B65A /* Assets.xcassets in Resources */ = {isa = PBXBuildFile; fileRef = 02EEDDA1296A855E00F4B65A /* Assets.xcassets */; };
		02EEDDA5296A855E00F4B65A /* Preview Assets.xcassets in Resources */ = {isa = PBXBuildFile; fileRef = 02EEDDA4296A855E00F4B65A /* Preview Assets.xcassets */; };
		02EEDDAF296A855F00F4B65A /* PopularMovies_from_TMDBTests.swift in Sources */ = {isa = PBXBuildFile; fileRef = 02EEDDAE296A855F00F4B65A /* PopularMovies_from_TMDBTests.swift */; };
		02EEDDB9296A855F00F4B65A /* PopularMovies_from_TMDBUITests.swift in Sources */ = {isa = PBXBuildFile; fileRef = 02EEDDB8296A855F00F4B65A /* PopularMovies_from_TMDBUITests.swift */; };
		02EEDDBB296A855F00F4B65A /* PopularMovies_from_TMDBUITestsLaunchTests.swift in Sources */ = {isa = PBXBuildFile; fileRef = 02EEDDBA296A855F00F4B65A /* PopularMovies_from_TMDBUITestsLaunchTests.swift */; };
/* End PBXBuildFile section */

/* Begin PBXContainerItemProxy section */
		02EEDDAB296A855F00F4B65A /* PBXContainerItemProxy */ = {
			isa = PBXContainerItemProxy;
			containerPortal = 02EEDD92296A855C00F4B65A /* Project object */;
			proxyType = 1;
			remoteGlobalIDString = 02EEDD99296A855C00F4B65A;
			remoteInfo = "PopularMovies-from-TMDB";
		};
		02EEDDB5296A855F00F4B65A /* PBXContainerItemProxy */ = {
			isa = PBXContainerItemProxy;
			containerPortal = 02EEDD92296A855C00F4B65A /* Project object */;
			proxyType = 1;
			remoteGlobalIDString = 02EEDD99296A855C00F4B65A;
			remoteInfo = "PopularMovies-from-TMDB";
		};
/* End PBXContainerItemProxy section */

/* Begin PBXFileReference section */
		02EEDD9A296A855C00F4B65A /* PopularMovies-from-TMDB.app */ = {isa = PBXFileReference; explicitFileType = wrapper.application; includeInIndex = 0; path = "PopularMovies-from-TMDB.app"; sourceTree = BUILT_PRODUCTS_DIR; };
		02EEDD9D296A855C00F4B65A /* PopularMovies_from_TMDBApp.swift */ = {isa = PBXFileReference; lastKnownFileType = sourcecode.swift; path = PopularMovies_from_TMDBApp.swift; sourceTree = "<group>"; };
		02EEDD9F296A855C00F4B65A /* ContentView.swift */ = {isa = PBXFileReference; lastKnownFileType = sourcecode.swift; path = ContentView.swift; sourceTree = "<group>"; };
		02EEDDA1296A855E00F4B65A /* Assets.xcassets */ = {isa = PBXFileReference; lastKnownFileType = folder.assetcatalog; path = Assets.xcassets; sourceTree = "<group>"; };
		02EEDDA4296A855E00F4B65A /* Preview Assets.xcassets */ = {isa = PBXFileReference; lastKnownFileType = folder.assetcatalog; path = "Preview Assets.xcassets"; sourceTree = "<group>"; };
		02EEDDAA296A855F00F4B65A /* PopularMovies-from-TMDBTests.xctest */ = {isa = PBXFileReference; explicitFileType = wrapper.cfbundle; includeInIndex = 0; path = "PopularMovies-from-TMDBTests.xctest"; sourceTree = BUILT_PRODUCTS_DIR; };
		02EEDDAE296A855F00F4B65A /* PopularMovies_from_TMDBTests.swift */ = {isa = PBXFileReference; lastKnownFileType = sourcecode.swift; path = PopularMovies_from_TMDBTests.swift; sourceTree = "<group>"; };
		02EEDDB4296A855F00F4B65A /* PopularMovies-from-TMDBUITests.xctest */ = {isa = PBXFileReference; explicitFileType = wrapper.cfbundle; includeInIndex = 0; path = "PopularMovies-from-TMDBUITests.xctest"; sourceTree = BUILT_PRODUCTS_DIR; };
		02EEDDB8296A855F00F4B65A /* PopularMovies_from_TMDBUITests.swift */ = {isa = PBXFileReference; lastKnownFileType = sourcecode.swift; path = PopularMovies_from_TMDBUITests.swift; sourceTree = "<group>"; };
		02EEDDBA296A855F00F4B65A /* PopularMovies_from_TMDBUITestsLaunchTests.swift */ = {isa = PBXFileReference; lastKnownFileType = sourcecode.swift; path = PopularMovies_from_TMDBUITestsLaunchTests.swift; sourceTree = "<group>"; };
/* End PBXFileReference section */

/* Begin PBXFrameworksBuildPhase section */
		02EEDD97296A855C00F4B65A /* Frameworks */ = {
			isa = PBXFrameworksBuildPhase;
			buildActionMask = 2147483647;
			files = (
			);
			runOnlyForDeploymentPostprocessing = 0;
		};
		02EEDDA7296A855F00F4B65A /* Frameworks */ = {
			isa = PBXFrameworksBuildPhase;
			buildActionMask = 2147483647;
			files = (
			);
			runOnlyForDeploymentPostprocessing = 0;
		};
		02EEDDB1296A855F00F4B65A /* Frameworks */ = {
			isa = PBXFrameworksBuildPhase;
			buildActionMask = 2147483647;
			files = (
			);
			runOnlyForDeploymentPostprocessing = 0;
		};
/* End PBXFrameworksBuildPhase section */

/* Begin PBXGroup section */
		02EEDD91296A855C00F4B65A = {
			isa = PBXGroup;
			children = (
				02EEDD9C296A855C00F4B65A /* PopularMovies-from-TMDB */,
				02EEDDAD296A855F00F4B65A /* PopularMovies-from-TMDBTests */,
				02EEDDB7296A855F00F4B65A /* PopularMovies-from-TMDBUITests */,
				02EEDD9B296A855C00F4B65A /* Products */,
			);
			sourceTree = "<group>";
		};
		02EEDD9B296A855C00F4B65A /* Products */ = {
			isa = PBXGroup;
			children = (
				02EEDD9A296A855C00F4B65A /* PopularMovies-from-TMDB.app */,
				02EEDDAA296A855F00F4B65A /* PopularMovies-from-TMDBTests.xctest */,
				02EEDDB4296A855F00F4B65A /* PopularMovies-from-TMDBUITests.xctest */,
			);
			name = Products;
			sourceTree = "<group>";
		};
		02EEDD9C296A855C00F4B65A /* PopularMovies-from-TMDB */ = {
			isa = PBXGroup;
			children = (
				02EEDD9D296A855C00F4B65A /* PopularMovies_from_TMDBApp.swift */,
				02EEDD9F296A855C00F4B65A /* ContentView.swift */,
				02EEDDA1296A855E00F4B65A /* Assets.xcassets */,
				02EEDDA3296A855E00F4B65A /* Preview Content */,
			);
			path = "PopularMovies-from-TMDB";
			sourceTree = "<group>";
		};
		02EEDDA3296A855E00F4B65A /* Preview Content */ = {
			isa = PBXGroup;
			children = (
				02EEDDA4296A855E00F4B65A /* Preview Assets.xcassets */,
			);
			path = "Preview Content";
			sourceTree = "<group>";
		};
		02EEDDAD296A855F00F4B65A /* PopularMovies-from-TMDBTests */ = {
			isa = PBXGroup;
			children = (
				02EEDDAE296A855F00F4B65A /* PopularMovies_from_TMDBTests.swift */,
			);
			path = "PopularMovies-from-TMDBTests";
			sourceTree = "<group>";
		};
		02EEDDB7296A855F00F4B65A /* PopularMovies-from-TMDBUITests */ = {
			isa = PBXGroup;
			children = (
				02EEDDB8296A855F00F4B65A /* PopularMovies_from_TMDBUITests.swift */,
				02EEDDBA296A855F00F4B65A /* PopularMovies_from_TMDBUITestsLaunchTests.swift */,
			);
			path = "PopularMovies-from-TMDBUITests";
			sourceTree = "<group>";
		};
/* End PBXGroup section */

/* Begin PBXNativeTarget section */
		02EEDD99296A855C00F4B65A /* PopularMovies-from-TMDB */ = {
			isa = PBXNativeTarget;
			buildConfigurationList = 02EEDDBE296A855F00F4B65A /* Build configuration list for PBXNativeTarget "PopularMovies-from-TMDB" */;
			buildPhases = (
				02EEDD96296A855C00F4B65A /* Sources */,
				02EEDD97296A855C00F4B65A /* Frameworks */,
				02EEDD98296A855C00F4B65A /* Resources */,
			);
			buildRules = (
			);
			dependencies = (
			);
			name = "PopularMovies-from-TMDB";
			productName = "PopularMovies-from-TMDB";
			productReference = 02EEDD9A296A855C00F4B65A /* PopularMovies-from-TMDB.app */;
			productType = "com.apple.product-type.application";
		};
		02EEDDA9296A855F00F4B65A /* PopularMovies-from-TMDBTests */ = {
			isa = PBXNativeTarget;
			buildConfigurationList = 02EEDDC1296A855F00F4B65A /* Build configuration list for PBXNativeTarget "PopularMovies-from-TMDBTests" */;
			buildPhases = (
				02EEDDA6296A855F00F4B65A /* Sources */,
				02EEDDA7296A855F00F4B65A /* Frameworks */,
				02EEDDA8296A855F00F4B65A /* Resources */,
			);
			buildRules = (
			);
			dependencies = (
				02EEDDAC296A855F00F4B65A /* PBXTargetDependency */,
			);
			name = "PopularMovies-from-TMDBTests";
			productName = "PopularMovies-from-TMDBTests";
			productReference = 02EEDDAA296A855F00F4B65A /* PopularMovies-from-TMDBTests.xctest */;
			productType = "com.apple.product-type.bundle.unit-test";
		};
		02EEDDB3296A855F00F4B65A /* PopularMovies-from-TMDBUITests */ = {
			isa = PBXNativeTarget;
			buildConfigurationList = 02EEDDC4296A855F00F4B65A /* Build configuration list for PBXNativeTarget "PopularMovies-from-TMDBUITests" */;
			buildPhases = (
				02EEDDB0296A855F00F4B65A /* Sources */,
				02EEDDB1296A855F00F4B65A /* Frameworks */,
				02EEDDB2296A855F00F4B65A /* Resources */,
			);
			buildRules = (
			);
			dependencies = (
				02EEDDB6296A855F00F4B65A /* PBXTargetDependency */,
			);
			name = "PopularMovies-from-TMDBUITests";
			productName = "PopularMovies-from-TMDBUITests";
			productReference = 02EEDDB4296A855F00F4B65A /* PopularMovies-from-TMDBUITests.xctest */;
			productType = "com.apple.product-type.bundle.ui-testing";
		};
/* End PBXNativeTarget section */

/* Begin PBXProject section */
		02EEDD92296A855C00F4B65A /* Project object */ = {
			isa = PBXProject;
			attributes = {
				BuildIndependentTargetsInParallel = 1;
				LastSwiftUpdateCheck = 1420;
				LastUpgradeCheck = 1420;
				TargetAttributes = {
					02EEDD99296A855C00F4B65A = {
						CreatedOnToolsVersion = 14.2;
					};
					02EEDDA9296A855F00F4B65A = {
						CreatedOnToolsVersion = 14.2;
						TestTargetID = 02EEDD99296A855C00F4B65A;
					};
					02EEDDB3296A855F00F4B65A = {
						CreatedOnToolsVersion = 14.2;
						TestTargetID = 02EEDD99296A855C00F4B65A;
					};
				};
			};
			buildConfigurationList = 02EEDD95296A855C00F4B65A /* Build configuration list for PBXProject "PopularMovies-from-TMDB" */;
			compatibilityVersion = "Xcode 14.0";
			developmentRegion = en;
			hasScannedForEncodings = 0;
			knownRegions = (
				en,
				Base,
			);
			mainGroup = 02EEDD91296A855C00F4B65A;
			productRefGroup = 02EEDD9B296A855C00F4B65A /* Products */;
			projectDirPath = "";
			projectRoot = "";
			targets = (
				02EEDD99296A855C00F4B65A /* PopularMovies-from-TMDB */,
				02EEDDA9296A855F00F4B65A /* PopularMovies-from-TMDBTests */,
				02EEDDB3296A855F00F4B65A /* PopularMovies-from-TMDBUITests */,
			);
		};
/* End PBXProject section */

/* Begin PBXResourcesBuildPhase section */
		02EEDD98296A855C00F4B65A /* Resources */ = {
			isa = PBXResourcesBuildPhase;
			buildActionMask = 2147483647;
			files = (
				02EEDDA5296A855E00F4B65A /* Preview Assets.xcassets in Resources */,
				02EEDDA2296A855E00F4B65A /* Assets.xcassets in Resources */,
			);
			runOnlyForDeploymentPostprocessing = 0;
		};
		02EEDDA8296A855F00F4B65A /* Resources */ = {
			isa = PBXResourcesBuildPhase;
			buildActionMask = 2147483647;
			files = (
			);
			runOnlyForDeploymentPostprocessing = 0;
		};
		02EEDDB2296A855F00F4B65A /* Resources */ = {
			isa = PBXResourcesBuildPhase;
			buildActionMask = 2147483647;
			files = (
			);
			runOnlyForDeploymentPostprocessing = 0;
		};
/* End PBXResourcesBuildPhase section */

/* Begin PBXSourcesBuildPhase section */
		02EEDD96296A855C00F4B65A /* Sources */ = {
			isa = PBXSourcesBuildPhase;
			buildActionMask = 2147483647;
			files = (
				02EEDDA0296A855C00F4B65A /* ContentView.swift in Sources */,
				02EEDD9E296A855C00F4B65A /* PopularMovies_from_TMDBApp.swift in Sources */,
			);
			runOnlyForDeploymentPostprocessing = 0;
		};
		02EEDDA6296A855F00F4B65A /* Sources */ = {
			isa = PBXSourcesBuildPhase;
			buildActionMask = 2147483647;
			files = (
				02EEDDAF296A855F00F4B65A /* PopularMovies_from_TMDBTests.swift in Sources */,
			);
			runOnlyForDeploymentPostprocessing = 0;
		};
		02EEDDB0296A855F00F4B65A /* Sources */ = {
			isa = PBXSourcesBuildPhase;
			buildActionMask = 2147483647;
			files = (
				02EEDDBB296A855F00F4B65A /* PopularMovies_from_TMDBUITestsLaunchTests.swift in Sources */,
				02EEDDB9296A855F00F4B65A /* PopularMovies_from_TMDBUITests.swift in Sources */,
			);
			runOnlyForDeploymentPostprocessing = 0;
		};
/* End PBXSourcesBuildPhase section */

/* Begin PBXTargetDependency section */
		02EEDDAC296A855F00F4B65A /* PBXTargetDependency */ = {
			isa = PBXTargetDependency;
			target = 02EEDD99296A855C00F4B65A /* PopularMovies-from-TMDB */;
			targetProxy = 02EEDDAB296A855F00F4B65A /* PBXContainerItemProxy */;
		};
		02EEDDB6296A855F00F4B65A /* PBXTargetDependency */ = {
			isa = PBXTargetDependency;
			target = 02EEDD99296A855C00F4B65A /* PopularMovies-from-TMDB */;
			targetProxy = 02EEDDB5296A855F00F4B65A /* PBXContainerItemProxy */;
		};
/* End PBXTargetDependency section */

/* Begin XCBuildConfiguration section */
		02EEDDBC296A855F00F4B65A /* Debug */ = {
			isa = XCBuildConfiguration;
			buildSettings = {
				ALWAYS_SEARCH_USER_PATHS = NO;
				CLANG_ANALYZER_NONNULL = YES;
				CLANG_ANALYZER_NUMBER_OBJECT_CONVERSION = YES_AGGRESSIVE;
				CLANG_CXX_LANGUAGE_STANDARD = "gnu++20";
				CLANG_ENABLE_MODULES = YES;
				CLANG_ENABLE_OBJC_ARC = YES;
				CLANG_ENABLE_OBJC_WEAK = YES;
				CLANG_WARN_BLOCK_CAPTURE_AUTORELEASING = YES;
				CLANG_WARN_BOOL_CONVERSION = YES;
				CLANG_WARN_COMMA = YES;
				CLANG_WARN_CONSTANT_CONVERSION = YES;
				CLANG_WARN_DEPRECATED_OBJC_IMPLEMENTATIONS = YES;
				CLANG_WARN_DIRECT_OBJC_ISA_USAGE = YES_ERROR;
				CLANG_WARN_DOCUMENTATION_COMMENTS = YES;
				CLANG_WARN_EMPTY_BODY = YES;
				CLANG_WARN_ENUM_CONVERSION = YES;
				CLANG_WARN_INFINITE_RECURSION = YES;
				CLANG_WARN_INT_CONVERSION = YES;
				CLANG_WARN_NON_LITERAL_NULL_CONVERSION = YES;
				CLANG_WARN_OBJC_IMPLICIT_RETAIN_SELF = YES;
				CLANG_WARN_OBJC_LITERAL_CONVERSION = YES;
				CLANG_WARN_OBJC_ROOT_CLASS = YES_ERROR;
				CLANG_WARN_QUOTED_INCLUDE_IN_FRAMEWORK_HEADER = YES;
				CLANG_WARN_RANGE_LOOP_ANALYSIS = YES;
				CLANG_WARN_STRICT_PROTOTYPES = YES;
				CLANG_WARN_SUSPICIOUS_MOVE = YES;
				CLANG_WARN_UNGUARDED_AVAILABILITY = YES_AGGRESSIVE;
				CLANG_WARN_UNREACHABLE_CODE = YES;
				CLANG_WARN__DUPLICATE_METHOD_MATCH = YES;
				COPY_PHASE_STRIP = NO;
				DEBUG_INFORMATION_FORMAT = dwarf;
				ENABLE_STRICT_OBJC_MSGSEND = YES;
				ENABLE_TESTABILITY = YES;
				GCC_C_LANGUAGE_STANDARD = gnu11;
				GCC_DYNAMIC_NO_PIC = NO;
				GCC_NO_COMMON_BLOCKS = YES;
				GCC_OPTIMIZATION_LEVEL = 0;
				GCC_PREPROCESSOR_DEFINITIONS = (
					"DEBUG=1",
					"$(inherited)",
				);
				GCC_WARN_64_TO_32_BIT_CONVERSION = YES;
				GCC_WARN_ABOUT_RETURN_TYPE = YES_ERROR;
				GCC_WARN_UNDECLARED_SELECTOR = YES;
				GCC_WARN_UNINITIALIZED_AUTOS = YES_AGGRESSIVE;
				GCC_WARN_UNUSED_FUNCTION = YES;
				GCC_WARN_UNUSED_VARIABLE = YES;
				IPHONEOS_DEPLOYMENT_TARGET = 16.2;
				MTL_ENABLE_DEBUG_INFO = INCLUDE_SOURCE;
				MTL_FAST_MATH = YES;
				ONLY_ACTIVE_ARCH = YES;
				SDKROOT = iphoneos;
				SWIFT_ACTIVE_COMPILATION_CONDITIONS = DEBUG;
				SWIFT_OPTIMIZATION_LEVEL = "-Onone";
			};
			name = Debug;
		};
		02EEDDBD296A855F00F4B65A /* Release */ = {
			isa = XCBuildConfiguration;
			buildSettings = {
				ALWAYS_SEARCH_USER_PATHS = NO;
				CLANG_ANALYZER_NONNULL = YES;
				CLANG_ANALYZER_NUMBER_OBJECT_CONVERSION = YES_AGGRESSIVE;
				CLANG_CXX_LANGUAGE_STANDARD = "gnu++20";
				CLANG_ENABLE_MODULES = YES;
				CLANG_ENABLE_OBJC_ARC = YES;
				CLANG_ENABLE_OBJC_WEAK = YES;
				CLANG_WARN_BLOCK_CAPTURE_AUTORELEASING = YES;
				CLANG_WARN_BOOL_CONVERSION = YES;
				CLANG_WARN_COMMA = YES;
				CLANG_WARN_CONSTANT_CONVERSION = YES;
				CLANG_WARN_DEPRECATED_OBJC_IMPLEMENTATIONS = YES;
				CLANG_WARN_DIRECT_OBJC_ISA_USAGE = YES_ERROR;
				CLANG_WARN_DOCUMENTATION_COMMENTS = YES;
				CLANG_WARN_EMPTY_BODY = YES;
				CLANG_WARN_ENUM_CONVERSION = YES;
				CLANG_WARN_INFINITE_RECURSION = YES;
				CLANG_WARN_INT_CONVERSION = YES;
				CLANG_WARN_NON_LITERAL_NULL_CONVERSION = YES;
				CLANG_WARN_OBJC_IMPLICIT_RETAIN_SELF = YES;
				CLANG_WARN_OBJC_LITERAL_CONVERSION = YES;
				CLANG_WARN_OBJC_ROOT_CLASS = YES_ERROR;
				CLANG_WARN_QUOTED_INCLUDE_IN_FRAMEWORK_HEADER = YES;
				CLANG_WARN_RANGE_LOOP_ANALYSIS = YES;
				CLANG_WARN_STRICT_PROTOTYPES = YES;
				CLANG_WARN_SUSPICIOUS_MOVE = YES;
				CLANG_WARN_UNGUARDED_AVAILABILITY = YES_AGGRESSIVE;
				CLANG_WARN_UNREACHABLE_CODE = YES;
				CLANG_WARN__DUPLICATE_METHOD_MATCH = YES;
				COPY_PHASE_STRIP = NO;
				DEBUG_INFORMATION_FORMAT = "dwarf-with-dsym";
				ENABLE_NS_ASSERTIONS = NO;
				ENABLE_STRICT_OBJC_MSGSEND = YES;
				GCC_C_LANGUAGE_STANDARD = gnu11;
				GCC_NO_COMMON_BLOCKS = YES;
				GCC_WARN_64_TO_32_BIT_CONVERSION = YES;
				GCC_WARN_ABOUT_RETURN_TYPE = YES_ERROR;
				GCC_WARN_UNDECLARED_SELECTOR = YES;
				GCC_WARN_UNINITIALIZED_AUTOS = YES_AGGRESSIVE;
				GCC_WARN_UNUSED_FUNCTION = YES;
				GCC_WARN_UNUSED_VARIABLE = YES;
				IPHONEOS_DEPLOYMENT_TARGET = 16.2;
				MTL_ENABLE_DEBUG_INFO = NO;
				MTL_FAST_MATH = YES;
				SDKROOT = iphoneos;
				SWIFT_COMPILATION_MODE = wholemodule;
				SWIFT_OPTIMIZATION_LEVEL = "-O";
				VALIDATE_PRODUCT = YES;
			};
			name = Release;
		};
		02EEDDBF296A855F00F4B65A /* Debug */ = {
			isa = XCBuildConfiguration;
			buildSettings = {
				ASSETCATALOG_COMPILER_APPICON_NAME = AppIcon;
				ASSETCATALOG_COMPILER_GLOBAL_ACCENT_COLOR_NAME = AccentColor;
				CODE_SIGN_STYLE = Automatic;
				CURRENT_PROJECT_VERSION = 1;
				DEVELOPMENT_ASSET_PATHS = "\"PopularMovies-from-TMDB/Preview Content\"";
				DEVELOPMENT_TEAM = YB67V66299;
				ENABLE_PREVIEWS = YES;
				GENERATE_INFOPLIST_FILE = YES;
				INFOPLIST_KEY_UIApplicationSceneManifest_Generation = YES;
				INFOPLIST_KEY_UIApplicationSupportsIndirectInputEvents = YES;
				INFOPLIST_KEY_UILaunchScreen_Generation = YES;
				INFOPLIST_KEY_UISupportedInterfaceOrientations_iPad = "UIInterfaceOrientationPortrait UIInterfaceOrientationPortraitUpsideDown UIInterfaceOrientationLandscapeLeft UIInterfaceOrientationLandscapeRight";
				INFOPLIST_KEY_UISupportedInterfaceOrientations_iPhone = "UIInterfaceOrientationPortrait UIInterfaceOrientationLandscapeLeft UIInterfaceOrientationLandscapeRight";
				LD_RUNPATH_SEARCH_PATHS = (
					"$(inherited)",
					"@executable_path/Frameworks",
				);
				MARKETING_VERSION = 1.0;
				PRODUCT_BUNDLE_IDENTIFIER = "com.raywenderlich.PopularMovies-from-TMDB";
				PRODUCT_NAME = "$(TARGET_NAME)";
				SWIFT_EMIT_LOC_STRINGS = YES;
				SWIFT_VERSION = 5.0;
				TARGETED_DEVICE_FAMILY = "1,2";
			};
			name = Debug;
		};
		02EEDDC0296A855F00F4B65A /* Release */ = {
			isa = XCBuildConfiguration;
			buildSettings = {
				ASSETCATALOG_COMPILER_APPICON_NAME = AppIcon;
				ASSETCATALOG_COMPILER_GLOBAL_ACCENT_COLOR_NAME = AccentColor;
				CODE_SIGN_STYLE = Automatic;
				CURRENT_PROJECT_VERSION = 1;
				DEVELOPMENT_ASSET_PATHS = "\"PopularMovies-from-TMDB/Preview Content\"";
				DEVELOPMENT_TEAM = YB67V66299;
				ENABLE_PREVIEWS = YES;
				GENERATE_INFOPLIST_FILE = YES;
				INFOPLIST_KEY_UIApplicationSceneManifest_Generation = YES;
				INFOPLIST_KEY_UIApplicationSupportsIndirectInputEvents = YES;
				INFOPLIST_KEY_UILaunchScreen_Generation = YES;
				INFOPLIST_KEY_UISupportedInterfaceOrientations_iPad = "UIInterfaceOrientationPortrait UIInterfaceOrientationPortraitUpsideDown UIInterfaceOrientationLandscapeLeft UIInterfaceOrientationLandscapeRight";
				INFOPLIST_KEY_UISupportedInterfaceOrientations_iPhone = "UIInterfaceOrientationPortrait UIInterfaceOrientationLandscapeLeft UIInterfaceOrientationLandscapeRight";
				LD_RUNPATH_SEARCH_PATHS = (
					"$(inherited)",
					"@executable_path/Frameworks",
				);
				MARKETING_VERSION = 1.0;
				PRODUCT_BUNDLE_IDENTIFIER = "com.raywenderlich.PopularMovies-from-TMDB";
				PRODUCT_NAME = "$(TARGET_NAME)";
				SWIFT_EMIT_LOC_STRINGS = YES;
				SWIFT_VERSION = 5.0;
				TARGETED_DEVICE_FAMILY = "1,2";
			};
			name = Release;
		};
		02EEDDC2296A855F00F4B65A /* Debug */ = {
			isa = XCBuildConfiguration;
			buildSettings = {
				ALWAYS_EMBED_SWIFT_STANDARD_LIBRARIES = YES;
				BUNDLE_LOADER = "$(TEST_HOST)";
				CODE_SIGN_STYLE = Automatic;
				CURRENT_PROJECT_VERSION = 1;
				DEVELOPMENT_TEAM = YB67V66299;
				GENERATE_INFOPLIST_FILE = YES;
				IPHONEOS_DEPLOYMENT_TARGET = 16.2;
				MARKETING_VERSION = 1.0;
				PRODUCT_BUNDLE_IDENTIFIER = "com.raywenderlich.PopularMovies-from-TMDBTests";
				PRODUCT_NAME = "$(TARGET_NAME)";
				SWIFT_EMIT_LOC_STRINGS = NO;
				SWIFT_VERSION = 5.0;
				TARGETED_DEVICE_FAMILY = "1,2";
				TEST_HOST = "$(BUILT_PRODUCTS_DIR)/PopularMovies-from-TMDB.app/$(BUNDLE_EXECUTABLE_FOLDER_PATH)/PopularMovies-from-TMDB";
			};
			name = Debug;
		};
		02EEDDC3296A855F00F4B65A /* Release */ = {
			isa = XCBuildConfiguration;
			buildSettings = {
				ALWAYS_EMBED_SWIFT_STANDARD_LIBRARIES = YES;
				BUNDLE_LOADER = "$(TEST_HOST)";
				CODE_SIGN_STYLE = Automatic;
				CURRENT_PROJECT_VERSION = 1;
				DEVELOPMENT_TEAM = YB67V66299;
				GENERATE_INFOPLIST_FILE = YES;
				IPHONEOS_DEPLOYMENT_TARGET = 16.2;
				MARKETING_VERSION = 1.0;
				PRODUCT_BUNDLE_IDENTIFIER = "com.raywenderlich.PopularMovies-from-TMDBTests";
				PRODUCT_NAME = "$(TARGET_NAME)";
				SWIFT_EMIT_LOC_STRINGS = NO;
				SWIFT_VERSION = 5.0;
				TARGETED_DEVICE_FAMILY = "1,2";
				TEST_HOST = "$(BUILT_PRODUCTS_DIR)/PopularMovies-from-TMDB.app/$(BUNDLE_EXECUTABLE_FOLDER_PATH)/PopularMovies-from-TMDB";
			};
			name = Release;
		};
		02EEDDC5296A855F00F4B65A /* Debug */ = {
			isa = XCBuildConfiguration;
			buildSettings = {
				ALWAYS_EMBED_SWIFT_STANDARD_LIBRARIES = YES;
				CODE_SIGN_STYLE = Automatic;
				CURRENT_PROJECT_VERSION = 1;
				DEVELOPMENT_TEAM = YB67V66299;
				GENERATE_INFOPLIST_FILE = YES;
				MARKETING_VERSION = 1.0;
				PRODUCT_BUNDLE_IDENTIFIER = "com.raywenderlich.PopularMovies-from-TMDBUITests";
				PRODUCT_NAME = "$(TARGET_NAME)";
				SWIFT_EMIT_LOC_STRINGS = NO;
				SWIFT_VERSION = 5.0;
				TARGETED_DEVICE_FAMILY = "1,2";
				TEST_TARGET_NAME = "PopularMovies-from-TMDB";
			};
			name = Debug;
		};
		02EEDDC6296A855F00F4B65A /* Release */ = {
			isa = XCBuildConfiguration;
			buildSettings = {
				ALWAYS_EMBED_SWIFT_STANDARD_LIBRARIES = YES;
				CODE_SIGN_STYLE = Automatic;
				CURRENT_PROJECT_VERSION = 1;
				DEVELOPMENT_TEAM = YB67V66299;
				GENERATE_INFOPLIST_FILE = YES;
				MARKETING_VERSION = 1.0;
				PRODUCT_BUNDLE_IDENTIFIER = "com.raywenderlich.PopularMovies-from-TMDBUITests";
				PRODUCT_NAME = "$(TARGET_NAME)";
				SWIFT_EMIT_LOC_STRINGS = NO;
				SWIFT_VERSION = 5.0;
				TARGETED_DEVICE_FAMILY = "1,2";
				TEST_TARGET_NAME = "PopularMovies-from-TMDB";
			};
			name = Release;
		};
/* End XCBuildConfiguration section */

/* Begin XCConfigurationList section */
		02EEDD95296A855C00F4B65A /* Build configuration list for PBXProject "PopularMovies-from-TMDB" */ = {
			isa = XCConfigurationList;
			buildConfigurations = (
				02EEDDBC296A855F00F4B65A /* Debug */,
				02EEDDBD296A855F00F4B65A /* Release */,
			);
			defaultConfigurationIsVisible = 0;
			defaultConfigurationName = Release;
		};
		02EEDDBE296A855F00F4B65A /* Build configuration list for PBXNativeTarget "PopularMovies-from-TMDB" */ = {
			isa = XCConfigurationList;
			buildConfigurations = (
				02EEDDBF296A855F00F4B65A /* Debug */,
				02EEDDC0296A855F00F4B65A /* Release */,
			);
			defaultConfigurationIsVisible = 0;
			defaultConfigurationName = Release;
		};
		02EEDDC1296A855F00F4B65A /* Build configuration list for PBXNativeTarget "PopularMovies-from-TMDBTests" */ = {
			isa = XCConfigurationList;
			buildConfigurations = (
				02EEDDC2296A855F00F4B65A /* Debug */,
				02EEDDC3296A855F00F4B65A /* Release */,
			);
			defaultConfigurationIsVisible = 0;
			defaultConfigurationName = Release;
		};
		02EEDDC4296A855F00F4B65A /* Build configuration list for PBXNativeTarget "PopularMovies-from-TMDBUITests" */ = {
			isa = XCConfigurationList;
			buildConfigurations = (
				02EEDDC5296A855F00F4B65A /* Debug */,
				02EEDDC6296A855F00F4B65A /* Release */,
			);
			defaultConfigurationIsVisible = 0;
			defaultConfigurationName = Release;
		};
/* End XCConfigurationList section */
	};
	rootObject = 02EEDD92296A855C00F4B65A /* Project object */;
}
